
Microsoft Visual Studio Solution File, Format Version 9.00
# Visual Studio 2005
Project("{8BC9CEB8-8B4A-11D0-8D11-00A0C91BC942}") = "S60DbView", "S60DbView.vcproj", "{0242C828-D7A4-42FB-8D8A-F31F63CD15F0}"
EndProject
Global
	GlobalSection(SolutionConfigurationPlatforms) = preSolution
		Deb_S60_22_CW_WINSCW|Win32 = Deb_S60_22_CW_WINSCW|Win32
	EndGlobalSection
	GlobalSection(ProjectConfigurationPlatforms) = postSolution
		{0242C828-D7A4-42FB-8D8A-F31F63CD15F0}.Deb_S60_22_CW_WINSCW|Win32.ActiveCfg = Deb_S60_22_CW_WINSCW|Win32
		{0242C828-D7A4-42FB-8D8A-F31F63CD15F0}.Deb_S60_22_CW_WINSCW|Win32.Build.0 = Deb_S60_22_CW_WINSCW|Win32
	EndGlobalSection
	GlobalSection(SolutionProperties) = preSolution
		HideSolutionNode = FALSE
	EndGlobalSection
EndGlobal
